
Microsoft Visual Studio Solution File, Format Version 12.00
# Visual Studio Version 16
VisualStudioVersion = 16.0.34301.259
MinimumVisualStudioVersion = 10.0.40219.1
Project("{FAE04EC0-301F-11D3-BF4B-00C04F79EFBC}") = "ClprolfCsharpFramework", "ClprolfCsharpFramework\ClprolfCsharpFramework.csproj", "{A928B5B0-2EBA-418E-BD79-29BDCD7B61AF}"
EndProject
Global
	GlobalSection(SolutionConfigurationPlatforms) = preSolution
		Debug|Any CPU = Debug|Any CPU
		Release|Any CPU = Release|Any CPU
	EndGlobalSection
	GlobalSection(ProjectConfigurationPlatforms) = postSolution
		{A928B5B0-2EBA-418E-BD79-29BDCD7B61AF}.Debug|Any CPU.ActiveCfg = Debug|Any CPU
		{A928B5B0-2EBA-418E-BD79-29BDCD7B61AF}.Debug|Any CPU.Build.0 = Debug|Any CPU
		{A928B5B0-2EBA-418E-BD79-29BDCD7B61AF}.Release|Any CPU.ActiveCfg = Release|Any CPU
		{A928B5B0-2EBA-418E-BD79-29BDCD7B61AF}.Release|Any CPU.Build.0 = Release|Any CPU
	EndGlobalSection
	GlobalSection(SolutionProperties) = preSolution
		HideSolutionNode = FALSE
	EndGlobalSection
	GlobalSection(ExtensibilityGlobals) = postSolution
		SolutionGuid = {4E978E76-40B5-4223-A27F-C027EEC7580B}
	EndGlobalSection
EndGlobal
